
Microsoft Visual Studio Solution File, Format Version 12.00
# Visual Studio 14
VisualStudioVersion = 14.0.25420.1
MinimumVisualStudioVersion = 10.0.40219.1
Project("{FAE04EC0-301F-11D3-BF4B-00C04F79EFBC}") = "design", "design\design.csproj", "{BEACFDF8-2DB2-4BED-AF8C-C9CD54F30A18}"
EndProject
Project("{FAE04EC0-301F-11D3-BF4B-00C04F79EFBC}") = "dbdesign", "dbdesign\dbdesign.csproj", "{D2AC8430-072A-4FD5-BEBA-788579F4AEA9}"
EndProject
Global
	GlobalSection(SolutionConfigurationPlatforms) = preSolution
		Debug|Any CPU = Debug|Any CPU
		Release|Any CPU = Release|Any CPU
	EndGlobalSection
	GlobalSection(ProjectConfigurationPlatforms) = postSolution
		{BEACFDF8-2DB2-4BED-AF8C-C9CD54F30A18}.Debug|Any CPU.ActiveCfg = Debug|Any CPU
		{BEACFDF8-2DB2-4BED-AF8C-C9CD54F30A18}.Debug|Any CPU.Build.0 = Debug|Any CPU
		{BEACFDF8-2DB2-4BED-AF8C-C9CD54F30A18}.Release|Any CPU.ActiveCfg = Release|Any CPU
		{BEACFDF8-2DB2-4BED-AF8C-C9CD54F30A18}.Release|Any CPU.Build.0 = Release|Any CPU
		{D2AC8430-072A-4FD5-BEBA-788579F4AEA9}.Debug|Any CPU.ActiveCfg = Debug|Any CPU
		{D2AC8430-072A-4FD5-BEBA-788579F4AEA9}.Debug|Any CPU.Build.0 = Debug|Any CPU
		{D2AC8430-072A-4FD5-BEBA-788579F4AEA9}.Release|Any CPU.ActiveCfg = Release|Any CPU
		{D2AC8430-072A-4FD5-BEBA-788579F4AEA9}.Release|Any CPU.Build.0 = Release|Any CPU
	EndGlobalSection
	GlobalSection(SolutionProperties) = preSolution
		HideSolutionNode = FALSE
	EndGlobalSection
EndGlobal
